
Microsoft Visual Studio Solution File, Format Version 12.00
# Visual Studio Version 17
VisualStudioVersion = 17.5.33627.172
MinimumVisualStudioVersion = 10.0.40219.1
Project("{9A19103F-16F7-4668-BE54-9A1E7A4F7556}") = "freela-match-api", "..\freela-match-api.csproj", "{8B96EBA1-FD07-48AC-BD7D-2302E7E8F568}"
EndProject
Global
	GlobalSection(SolutionConfigurationPlatforms) = preSolution
		Debug|Any CPU = Debug|Any CPU
		Release|Any CPU = Release|Any CPU
	EndGlobalSection
	GlobalSection(ProjectConfigurationPlatforms) = postSolution
		{8B96EBA1-FD07-48AC-BD7D-2302E7E8F568}.Debug|Any CPU.ActiveCfg = Debug|Any CPU
		{8B96EBA1-FD07-48AC-BD7D-2302E7E8F568}.Debug|Any CPU.Build.0 = Debug|Any CPU
		{8B96EBA1-FD07-48AC-BD7D-2302E7E8F568}.Release|Any CPU.ActiveCfg = Release|Any CPU
		{8B96EBA1-FD07-48AC-BD7D-2302E7E8F568}.Release|Any CPU.Build.0 = Release|Any CPU
	EndGlobalSection
	GlobalSection(SolutionProperties) = preSolution
		HideSolutionNode = FALSE
	EndGlobalSection
	GlobalSection(ExtensibilityGlobals) = postSolution
		SolutionGuid = {A636E86F-2EF6-4096-9200-1466F532E576}
	EndGlobalSection
EndGlobal
